
Microsoft Visual Studio Solution File, Format Version 12.00
# Visual Studio Version 17
VisualStudioVersion = 17.10.35013.160
MinimumVisualStudioVersion = 10.0.40219.1
Project("{9A19103F-16F7-4668-BE54-9A1E7A4F7556}") = "DiscordSupporter", "DiscordSupporter\DiscordSupporter.csproj", "{B704B21B-0E9C-4543-982A-19E95F200B03}"
EndProject
Global
	GlobalSection(SolutionConfigurationPlatforms) = preSolution
		Debug|Any CPU = Debug|Any CPU
		Release|Any CPU = Release|Any CPU
	EndGlobalSection
	GlobalSection(ProjectConfigurationPlatforms) = postSolution
		{B704B21B-0E9C-4543-982A-19E95F200B03}.Debug|Any CPU.ActiveCfg = Debug|Any CPU
		{B704B21B-0E9C-4543-982A-19E95F200B03}.Debug|Any CPU.Build.0 = Debug|Any CPU
		{B704B21B-0E9C-4543-982A-19E95F200B03}.Release|Any CPU.ActiveCfg = Release|Any CPU
		{B704B21B-0E9C-4543-982A-19E95F200B03}.Release|Any CPU.Build.0 = Release|Any CPU
	EndGlobalSection
	GlobalSection(SolutionProperties) = preSolution
		HideSolutionNode = FALSE
	EndGlobalSection
	GlobalSection(ExtensibilityGlobals) = postSolution
		SolutionGuid = {AF3A7B72-1B59-46D7-A5B0-85CE24CBBD9B}
	EndGlobalSection
EndGlobal
